
Microsoft Visual Studio Solution File, Format Version 12.00
# Visual Studio Version 17
VisualStudioVersion = 17.11.35312.102
MinimumVisualStudioVersion = 10.0.40219.1
Project("{FAE04EC0-301F-11D3-BF4B-00C04F79EFBC}") = "Main", "Main\Main.csproj", "{E85AB868-E888-4E0D-AE3D-3380F26BA036}"
EndProject
Global
	GlobalSection(SolutionConfigurationPlatforms) = preSolution
		Debug|Any CPU = Debug|Any CPU
		Release|Any CPU = Release|Any CPU
	EndGlobalSection
	GlobalSection(ProjectConfigurationPlatforms) = postSolution
		{E85AB868-E888-4E0D-AE3D-3380F26BA036}.Debug|Any CPU.ActiveCfg = Debug|Any CPU
		{E85AB868-E888-4E0D-AE3D-3380F26BA036}.Debug|Any CPU.Build.0 = Debug|Any CPU
		{E85AB868-E888-4E0D-AE3D-3380F26BA036}.Release|Any CPU.ActiveCfg = Release|Any CPU
		{E85AB868-E888-4E0D-AE3D-3380F26BA036}.Release|Any CPU.Build.0 = Release|Any CPU
	EndGlobalSection
	GlobalSection(SolutionProperties) = preSolution
		HideSolutionNode = FALSE
	EndGlobalSection
	GlobalSection(ExtensibilityGlobals) = postSolution
		SolutionGuid = {72A0EB0B-27D0-4152-8879-FD52196A2120}
	EndGlobalSection
EndGlobal
